{
  "requires": true,
  "lockfileVersion": 1,
  "dependencies": {
    "element-ui": {
      "version": "2.14.1",
      "resolved": "https://registry.npm.taobao.org/element-ui/download/element-ui-2.14.1.tgz?cache=0&sync_timestamp=1605089928506&other_urls=https%3A%2F%2Fregistry.npm.taobao.org%2Felement-ui%2Fdownload%2Felement-ui-2.14.1.tgz",
      "dependencies": {
        "async-validator": {
          "version": "https://registry.npm.taobao.org/async-validator/download/async-validator-1.8.5.tgz?cache=0&sync_timestamp=1605749896979&other_urls=https%3A%2F%2Fregistry.npm.taobao.org%2Fasync-validator%2Fdownload%2Fasync-validator-1.8.5.tgz",
          "dependencies": {
            "babel-runtime": {
              "version": "https://registry.npm.taobao.org/babel-runtime/download/babel-runtime-6.26.0.tgz",
              "bundled": true
            }
          }
        },
        "babel-helper-vue-jsx-merge-props": {
          "version": "https://registry.npm.taobao.org/babel-helper-vue-jsx-merge-props/download/babel-helper-vue-jsx-merge-props-2.0.3.tgz"
        },
        "deepmerge": {
          "version": "https://registry.npm.taobao.org/deepmerge/download/deepmerge-1.5.2.tgz"
        },
        "normalize-wheel": {
          "version": "https://registry.npm.taobao.org/normalize-wheel/download/normalize-wheel-1.0.1.tgz"
        },
        "resize-observer-polyfill": {
          "version": "https://registry.npm.taobao.org/resize-observer-polyfill/download/resize-observer-polyfill-1.5.1.tgz"
        },
        "throttle-debounce": {
          "version": "https://registry.npm.taobao.org/throttle-debounce/download/throttle-debounce-1.1.0.tgz?cache=0&sync_timestamp=1604313929817&other_urls=https%3A%2F%2Fregistry.npm.taobao.org%2Fthrottle-debounce%2Fdownload%2Fthrottle-debounce-1.1.0.tgz"
        }
      }
    },
    "vue": {
      "version": "2.5.17",
      "resolved": "https://registry.npmjs.org/vue/-/vue-2.5.17.tgz",
      "integrity": "sha512-mFbcWoDIJi0w0Za4emyLiW72Jae0yjANHbCVquMKijcavBGypqlF7zHRgMa5k4sesdv7hv2rB4JPdZfR+TPfhQ=="
    }
  }
}
